
Microsoft Visual Studio Solution File, Format Version 12.00
# Visual Studio Version 17
VisualStudioVersion = 17.8.34004.107
MinimumVisualStudioVersion = 10.0.40219.1
Project("{9A19103F-16F7-4668-BE54-9A1E7A4F7556}") = "Mega", "Mega\Mega.csproj", "{A69176F5-1D37-43F1-9F57-020342B3D3A5}"
EndProject
Project("{9A19103F-16F7-4668-BE54-9A1E7A4F7556}") = "Testing", "Testing\Testing.csproj", "{17C02F3D-D0DC-435B-B6C0-3A2E3AC4E0E5}"
EndProject
Project("{9A19103F-16F7-4668-BE54-9A1E7A4F7556}") = "Benchmark", "Benchmark\Benchmark.csproj", "{95747CFD-501B-4C08-88BF-B6B184EEAD20}"
EndProject
Project("{9A19103F-16F7-4668-BE54-9A1E7A4F7556}") = "VisualWay", "..\otkLearn\LearnOpenTK\5-Textures\VisualWay.csproj", "{27E5A1E6-9728-4BBD-AD62-56A277EADB55}"
EndProject
Project("{8BC9CEB8-8B4A-11D0-8D11-00A0C91BC942}") = "CppHelper", "CppHelper\CppHelper.vcxproj", "{8464FFE0-82E2-4B6B-AA07-3166523A8979}"
EndProject
Project("{8BC9CEB8-8B4A-11D0-8D11-00A0C91BC942}") = "VulkanTests", "VulkanTests\VulkanTests.vcxproj", "{55172513-DCF4-45F9-B3CE-119CF3930BC5}"
EndProject
Project("{8BC9CEB8-8B4A-11D0-8D11-00A0C91BC942}") = "OmegaGE", "OmegaGE\OmegaGE.vcxproj", "{884CDB06-B5BE-4086-9B0F-A316019B8DB1}"
EndProject
Project("{FAE04EC0-301F-11D3-BF4B-00C04F79EFBC}") = "OmegaTester", "OmegaTester\OmegaTester.csproj", "{4BBAE66A-701A-4D43-B2F3-FA9E194E6C15}"
EndProject
Global
	GlobalSection(SolutionConfigurationPlatforms) = preSolution
		Debug|Any CPU = Debug|Any CPU
		Debug|x64 = Debug|x64
		Debug|x86 = Debug|x86
		Release|Any CPU = Release|Any CPU
		Release|x64 = Release|x64
		Release|x86 = Release|x86
	EndGlobalSection
	GlobalSection(ProjectConfigurationPlatforms) = postSolution
		{A69176F5-1D37-43F1-9F57-020342B3D3A5}.Debug|Any CPU.ActiveCfg = Debug|Any CPU
		{A69176F5-1D37-43F1-9F57-020342B3D3A5}.Debug|Any CPU.Build.0 = Debug|Any CPU
		{A69176F5-1D37-43F1-9F57-020342B3D3A5}.Debug|x64.ActiveCfg = Debug|Any CPU
		{A69176F5-1D37-43F1-9F57-020342B3D3A5}.Debug|x64.Build.0 = Debug|Any CPU
		{A69176F5-1D37-43F1-9F57-020342B3D3A5}.Debug|x86.ActiveCfg = Debug|Any CPU
		{A69176F5-1D37-43F1-9F57-020342B3D3A5}.Debug|x86.Build.0 = Debug|Any CPU
		{A69176F5-1D37-43F1-9F57-020342B3D3A5}.Release|Any CPU.ActiveCfg = Release|Any CPU
		{A69176F5-1D37-43F1-9F57-020342B3D3A5}.Release|Any CPU.Build.0 = Release|Any CPU
		{A69176F5-1D37-43F1-9F57-020342B3D3A5}.Release|x64.ActiveCfg = Release|Any CPU
		{A69176F5-1D37-43F1-9F57-020342B3D3A5}.Release|x64.Build.0 = Release|Any CPU
		{A69176F5-1D37-43F1-9F57-020342B3D3A5}.Release|x86.ActiveCfg = Release|Any CPU
		{A69176F5-1D37-43F1-9F57-020342B3D3A5}.Release|x86.Build.0 = Release|Any CPU
		{17C02F3D-D0DC-435B-B6C0-3A2E3AC4E0E5}.Debug|Any CPU.ActiveCfg = Debug|Any CPU
		{17C02F3D-D0DC-435B-B6C0-3A2E3AC4E0E5}.Debug|Any CPU.Build.0 = Debug|Any CPU
		{17C02F3D-D0DC-435B-B6C0-3A2E3AC4E0E5}.Debug|x64.ActiveCfg = Debug|Any CPU
		{17C02F3D-D0DC-435B-B6C0-3A2E3AC4E0E5}.Debug|x64.Build.0 = Debug|Any CPU
		{17C02F3D-D0DC-435B-B6C0-3A2E3AC4E0E5}.Debug|x86.ActiveCfg = Debug|Any CPU
		{17C02F3D-D0DC-435B-B6C0-3A2E3AC4E0E5}.Debug|x86.Build.0 = Debug|Any CPU
		{17C02F3D-D0DC-435B-B6C0-3A2E3AC4E0E5}.Release|Any CPU.ActiveCfg = Release|Any CPU
		{17C02F3D-D0DC-435B-B6C0-3A2E3AC4E0E5}.Release|Any CPU.Build.0 = Release|Any CPU
		{17C02F3D-D0DC-435B-B6C0-3A2E3AC4E0E5}.Release|x64.ActiveCfg = Release|Any CPU
		{17C02F3D-D0DC-435B-B6C0-3A2E3AC4E0E5}.Release|x64.Build.0 = Release|Any CPU
		{17C02F3D-D0DC-435B-B6C0-3A2E3AC4E0E5}.Release|x86.ActiveCfg = Release|Any CPU
		{17C02F3D-D0DC-435B-B6C0-3A2E3AC4E0E5}.Release|x86.Build.0 = Release|Any CPU
		{95747CFD-501B-4C08-88BF-B6B184EEAD20}.Debug|Any CPU.ActiveCfg = Debug|Any CPU
		{95747CFD-501B-4C08-88BF-B6B184EEAD20}.Debug|Any CPU.Build.0 = Debug|Any CPU
		{95747CFD-501B-4C08-88BF-B6B184EEAD20}.Debug|x64.ActiveCfg = Debug|Any CPU
		{95747CFD-501B-4C08-88BF-B6B184EEAD20}.Debug|x64.Build.0 = Debug|Any CPU
		{95747CFD-501B-4C08-88BF-B6B184EEAD20}.Debug|x86.ActiveCfg = Debug|Any CPU
		{95747CFD-501B-4C08-88BF-B6B184EEAD20}.Debug|x86.Build.0 = Debug|Any CPU
		{95747CFD-501B-4C08-88BF-B6B184EEAD20}.Release|Any CPU.ActiveCfg = Release|Any CPU
		{95747CFD-501B-4C08-88BF-B6B184EEAD20}.Release|Any CPU.Build.0 = Release|Any CPU
		{95747CFD-501B-4C08-88BF-B6B184EEAD20}.Release|x64.ActiveCfg = Release|Any CPU
		{95747CFD-501B-4C08-88BF-B6B184EEAD20}.Release|x64.Build.0 = Release|Any CPU
		{95747CFD-501B-4C08-88BF-B6B184EEAD20}.Release|x86.ActiveCfg = Release|Any CPU
		{95747CFD-501B-4C08-88BF-B6B184EEAD20}.Release|x86.Build.0 = Release|Any CPU
		{27E5A1E6-9728-4BBD-AD62-56A277EADB55}.Debug|Any CPU.ActiveCfg = Debug|Any CPU
		{27E5A1E6-9728-4BBD-AD62-56A277EADB55}.Debug|Any CPU.Build.0 = Debug|Any CPU
		{27E5A1E6-9728-4BBD-AD62-56A277EADB55}.Debug|x64.ActiveCfg = Debug|Any CPU
		{27E5A1E6-9728-4BBD-AD62-56A277EADB55}.Debug|x64.Build.0 = Debug|Any CPU
		{27E5A1E6-9728-4BBD-AD62-56A277EADB55}.Debug|x86.ActiveCfg = Debug|Any CPU
		{27E5A1E6-9728-4BBD-AD62-56A277EADB55}.Debug|x86.Build.0 = Debug|Any CPU
		{27E5A1E6-9728-4BBD-AD62-56A277EADB55}.Release|Any CPU.ActiveCfg = Release|Any CPU
		{27E5A1E6-9728-4BBD-AD62-56A277EADB55}.Release|Any CPU.Build.0 = Release|Any CPU
		{27E5A1E6-9728-4BBD-AD62-56A277EADB55}.Release|x64.ActiveCfg = Release|Any CPU
		{27E5A1E6-9728-4BBD-AD62-56A277EADB55}.Release|x64.Build.0 = Release|Any CPU
		{27E5A1E6-9728-4BBD-AD62-56A277EADB55}.Release|x86.ActiveCfg = Release|Any CPU
		{27E5A1E6-9728-4BBD-AD62-56A277EADB55}.Release|x86.Build.0 = Release|Any CPU
		{8464FFE0-82E2-4B6B-AA07-3166523A8979}.Debug|Any CPU.ActiveCfg = Release|x64
		{8464FFE0-82E2-4B6B-AA07-3166523A8979}.Debug|Any CPU.Build.0 = Release|x64
		{8464FFE0-82E2-4B6B-AA07-3166523A8979}.Debug|x64.ActiveCfg = Debug|x64
		{8464FFE0-82E2-4B6B-AA07-3166523A8979}.Debug|x64.Build.0 = Debug|x64
		{8464FFE0-82E2-4B6B-AA07-3166523A8979}.Debug|x86.ActiveCfg = Debug|Win32
		{8464FFE0-82E2-4B6B-AA07-3166523A8979}.Debug|x86.Build.0 = Debug|Win32
		{8464FFE0-82E2-4B6B-AA07-3166523A8979}.Release|Any CPU.ActiveCfg = Release|x64
		{8464FFE0-82E2-4B6B-AA07-3166523A8979}.Release|Any CPU.Build.0 = Release|x64
		{8464FFE0-82E2-4B6B-AA07-3166523A8979}.Release|x64.ActiveCfg = Release|x64
		{8464FFE0-82E2-4B6B-AA07-3166523A8979}.Release|x64.Build.0 = Release|x64
		{8464FFE0-82E2-4B6B-AA07-3166523A8979}.Release|x86.ActiveCfg = Release|Win32
		{8464FFE0-82E2-4B6B-AA07-3166523A8979}.Release|x86.Build.0 = Release|Win32
		{55172513-DCF4-45F9-B3CE-119CF3930BC5}.Debug|Any CPU.ActiveCfg = Debug|x64
		{55172513-DCF4-45F9-B3CE-119CF3930BC5}.Debug|Any CPU.Build.0 = Debug|x64
		{55172513-DCF4-45F9-B3CE-119CF3930BC5}.Debug|x64.ActiveCfg = Debug|x64
		{55172513-DCF4-45F9-B3CE-119CF3930BC5}.Debug|x64.Build.0 = Debug|x64
		{55172513-DCF4-45F9-B3CE-119CF3930BC5}.Debug|x86.ActiveCfg = Debug|Win32
		{55172513-DCF4-45F9-B3CE-119CF3930BC5}.Debug|x86.Build.0 = Debug|Win32
		{55172513-DCF4-45F9-B3CE-119CF3930BC5}.Release|Any CPU.ActiveCfg = Release|x64
		{55172513-DCF4-45F9-B3CE-119CF3930BC5}.Release|Any CPU.Build.0 = Release|x64
		{55172513-DCF4-45F9-B3CE-119CF3930BC5}.Release|x64.ActiveCfg = Release|x64
		{55172513-DCF4-45F9-B3CE-119CF3930BC5}.Release|x64.Build.0 = Release|x64
		{55172513-DCF4-45F9-B3CE-119CF3930BC5}.Release|x86.ActiveCfg = Release|Win32
		{55172513-DCF4-45F9-B3CE-119CF3930BC5}.Release|x86.Build.0 = Release|Win32
		{884CDB06-B5BE-4086-9B0F-A316019B8DB1}.Debug|Any CPU.ActiveCfg = Debug|Win32
		{884CDB06-B5BE-4086-9B0F-A316019B8DB1}.Debug|Any CPU.Build.0 = Debug|Win32
		{884CDB06-B5BE-4086-9B0F-A316019B8DB1}.Debug|x64.ActiveCfg = Debug|x64
		{884CDB06-B5BE-4086-9B0F-A316019B8DB1}.Debug|x64.Build.0 = Debug|x64
		{884CDB06-B5BE-4086-9B0F-A316019B8DB1}.Debug|x86.ActiveCfg = Debug|Win32
		{884CDB06-B5BE-4086-9B0F-A316019B8DB1}.Debug|x86.Build.0 = Debug|Win32
		{884CDB06-B5BE-4086-9B0F-A316019B8DB1}.Release|Any CPU.ActiveCfg = Release|Win32
		{884CDB06-B5BE-4086-9B0F-A316019B8DB1}.Release|Any CPU.Build.0 = Release|Win32
		{884CDB06-B5BE-4086-9B0F-A316019B8DB1}.Release|x64.ActiveCfg = Release|x64
		{884CDB06-B5BE-4086-9B0F-A316019B8DB1}.Release|x64.Build.0 = Release|x64
		{884CDB06-B5BE-4086-9B0F-A316019B8DB1}.Release|x86.ActiveCfg = Release|Win32
		{884CDB06-B5BE-4086-9B0F-A316019B8DB1}.Release|x86.Build.0 = Release|Win32
		{4BBAE66A-701A-4D43-B2F3-FA9E194E6C15}.Debug|Any CPU.ActiveCfg = Debug|Any CPU
		{4BBAE66A-701A-4D43-B2F3-FA9E194E6C15}.Debug|Any CPU.Build.0 = Debug|Any CPU
		{4BBAE66A-701A-4D43-B2F3-FA9E194E6C15}.Debug|x64.ActiveCfg = Debug|Any CPU
		{4BBAE66A-701A-4D43-B2F3-FA9E194E6C15}.Debug|x64.Build.0 = Debug|Any CPU
		{4BBAE66A-701A-4D43-B2F3-FA9E194E6C15}.Debug|x86.ActiveCfg = Debug|Any CPU
		{4BBAE66A-701A-4D43-B2F3-FA9E194E6C15}.Debug|x86.Build.0 = Debug|Any CPU
		{4BBAE66A-701A-4D43-B2F3-FA9E194E6C15}.Release|Any CPU.ActiveCfg = Release|Any CPU
		{4BBAE66A-701A-4D43-B2F3-FA9E194E6C15}.Release|Any CPU.Build.0 = Release|Any CPU
		{4BBAE66A-701A-4D43-B2F3-FA9E194E6C15}.Release|x64.ActiveCfg = Release|Any CPU
		{4BBAE66A-701A-4D43-B2F3-FA9E194E6C15}.Release|x64.Build.0 = Release|Any CPU
		{4BBAE66A-701A-4D43-B2F3-FA9E194E6C15}.Release|x86.ActiveCfg = Release|Any CPU
		{4BBAE66A-701A-4D43-B2F3-FA9E194E6C15}.Release|x86.Build.0 = Release|Any CPU
	EndGlobalSection
	GlobalSection(SolutionProperties) = preSolution
		HideSolutionNode = FALSE
	EndGlobalSection
	GlobalSection(ExtensibilityGlobals) = postSolution
		SolutionGuid = {851F69E8-8758-4D28-B9F3-E1F225193D5F}
	EndGlobalSection
EndGlobal
