
Microsoft Visual Studio Solution File, Format Version 12.00
# Visual Studio Version 17
VisualStudioVersion = 17.8.34004.107
MinimumVisualStudioVersion = 10.0.40219.1
Project("{9A19103F-16F7-4668-BE54-9A1E7A4F7556}") = "Mega", "Mega\Mega.csproj", "{A69176F5-1D37-43F1-9F57-020342B3D3A5}"
EndProject
Project("{9A19103F-16F7-4668-BE54-9A1E7A4F7556}") = "Testing", "Testing\Testing.csproj", "{17C02F3D-D0DC-435B-B6C0-3A2E3AC4E0E5}"
EndProject
Project("{9A19103F-16F7-4668-BE54-9A1E7A4F7556}") = "Benchmark", "Benchmark\Benchmark.csproj", "{95747CFD-501B-4C08-88BF-B6B184EEAD20}"
EndProject
Project("{9A19103F-16F7-4668-BE54-9A1E7A4F7556}") = "VisualWay", "..\otkLearn\LearnOpenTK\5-Textures\VisualWay.csproj", "{27E5A1E6-9728-4BBD-AD62-56A277EADB55}"
EndProject
Global
	GlobalSection(SolutionConfigurationPlatforms) = preSolution
		Debug|Any CPU = Debug|Any CPU
		Release|Any CPU = Release|Any CPU
	EndGlobalSection
	GlobalSection(ProjectConfigurationPlatforms) = postSolution
		{A69176F5-1D37-43F1-9F57-020342B3D3A5}.Debug|Any CPU.ActiveCfg = Debug|Any CPU
		{A69176F5-1D37-43F1-9F57-020342B3D3A5}.Debug|Any CPU.Build.0 = Debug|Any CPU
		{A69176F5-1D37-43F1-9F57-020342B3D3A5}.Release|Any CPU.ActiveCfg = Release|Any CPU
		{A69176F5-1D37-43F1-9F57-020342B3D3A5}.Release|Any CPU.Build.0 = Release|Any CPU
		{17C02F3D-D0DC-435B-B6C0-3A2E3AC4E0E5}.Debug|Any CPU.ActiveCfg = Debug|Any CPU
		{17C02F3D-D0DC-435B-B6C0-3A2E3AC4E0E5}.Debug|Any CPU.Build.0 = Debug|Any CPU
		{17C02F3D-D0DC-435B-B6C0-3A2E3AC4E0E5}.Release|Any CPU.ActiveCfg = Release|Any CPU
		{17C02F3D-D0DC-435B-B6C0-3A2E3AC4E0E5}.Release|Any CPU.Build.0 = Release|Any CPU
		{95747CFD-501B-4C08-88BF-B6B184EEAD20}.Debug|Any CPU.ActiveCfg = Debug|Any CPU
		{95747CFD-501B-4C08-88BF-B6B184EEAD20}.Debug|Any CPU.Build.0 = Debug|Any CPU
		{95747CFD-501B-4C08-88BF-B6B184EEAD20}.Release|Any CPU.ActiveCfg = Release|Any CPU
		{95747CFD-501B-4C08-88BF-B6B184EEAD20}.Release|Any CPU.Build.0 = Release|Any CPU
		{27E5A1E6-9728-4BBD-AD62-56A277EADB55}.Debug|Any CPU.ActiveCfg = Debug|Any CPU
		{27E5A1E6-9728-4BBD-AD62-56A277EADB55}.Debug|Any CPU.Build.0 = Debug|Any CPU
		{27E5A1E6-9728-4BBD-AD62-56A277EADB55}.Release|Any CPU.ActiveCfg = Release|Any CPU
		{27E5A1E6-9728-4BBD-AD62-56A277EADB55}.Release|Any CPU.Build.0 = Release|Any CPU
	EndGlobalSection
	GlobalSection(SolutionProperties) = preSolution
		HideSolutionNode = FALSE
	EndGlobalSection
	GlobalSection(ExtensibilityGlobals) = postSolution
		SolutionGuid = {851F69E8-8758-4D28-B9F3-E1F225193D5F}
	EndGlobalSection
EndGlobal
